
Microsoft Visual Studio Solution File, Format Version 12.00
# Visual Studio Version 17
VisualStudioVersion = 17.10.35122.118
MinimumVisualStudioVersion = 10.0.40219.1
Project("{FAE04EC0-301F-11D3-BF4B-00C04F79EFBC}") = "minesweeper2", "minesweeper2\minesweeper2.csproj", "{F134F32C-5792-4559-B0D4-C8807904661E}"
EndProject
Global
	GlobalSection(SolutionConfigurationPlatforms) = preSolution
		Debug|Any CPU = Debug|Any CPU
		Release|Any CPU = Release|Any CPU
	EndGlobalSection
	GlobalSection(ProjectConfigurationPlatforms) = postSolution
		{F134F32C-5792-4559-B0D4-C8807904661E}.Debug|Any CPU.ActiveCfg = Debug|Any CPU
		{F134F32C-5792-4559-B0D4-C8807904661E}.Debug|Any CPU.Build.0 = Debug|Any CPU
		{F134F32C-5792-4559-B0D4-C8807904661E}.Release|Any CPU.ActiveCfg = Release|Any CPU
		{F134F32C-5792-4559-B0D4-C8807904661E}.Release|Any CPU.Build.0 = Release|Any CPU
	EndGlobalSection
	GlobalSection(SolutionProperties) = preSolution
		HideSolutionNode = FALSE
	EndGlobalSection
	GlobalSection(ExtensibilityGlobals) = postSolution
		SolutionGuid = {5FEAF9D8-1B40-4630-8573-4D2B5C45B277}
	EndGlobalSection
EndGlobal
