
Microsoft Visual Studio Solution File, Format Version 12.00
# Visual Studio Version 17
VisualStudioVersion = 17.10.35122.118
MinimumVisualStudioVersion = 10.0.40219.1
Project("{FAE04EC0-301F-11D3-BF4B-00C04F79EFBC}") = "youdidnttellmewhattocallit", "youdidnttellmewhattocallit\youdidnttellmewhattocallit.csproj", "{FAEC5123-0BD1-4226-99ED-3E61C732E12B}"
EndProject
Global
	GlobalSection(SolutionConfigurationPlatforms) = preSolution
		Debug|Any CPU = Debug|Any CPU
		Release|Any CPU = Release|Any CPU
	EndGlobalSection
	GlobalSection(ProjectConfigurationPlatforms) = postSolution
		{FAEC5123-0BD1-4226-99ED-3E61C732E12B}.Debug|Any CPU.ActiveCfg = Debug|Any CPU
		{FAEC5123-0BD1-4226-99ED-3E61C732E12B}.Debug|Any CPU.Build.0 = Debug|Any CPU
		{FAEC5123-0BD1-4226-99ED-3E61C732E12B}.Release|Any CPU.ActiveCfg = Release|Any CPU
		{FAEC5123-0BD1-4226-99ED-3E61C732E12B}.Release|Any CPU.Build.0 = Release|Any CPU
	EndGlobalSection
	GlobalSection(SolutionProperties) = preSolution
		HideSolutionNode = FALSE
	EndGlobalSection
	GlobalSection(ExtensibilityGlobals) = postSolution
		SolutionGuid = {F2301A66-4795-46B4-BAED-520B4B91A412}
	EndGlobalSection
EndGlobal
